// !$*UTF8*$!
{
	archiveVersion = 1;
	classes = {
	};
	objectVersion = 46;
	objects = {

/* Begin PBXBuildFile section */
		760727811B2895F90014E5D9 /* AppDelegate.swift in Sources */ = {isa = PBXBuildFile; fileRef = 760727801B2895F90014E5D9 /* AppDelegate.swift */; };
		760727831B2895F90014E5D9 /* Images.xcassets in Resources */ = {isa = PBXBuildFile; fileRef = 760727821B2895F90014E5D9 /* Images.xcassets */; };
		760727861B2895F90014E5D9 /* MainMenu.xib in Resources */ = {isa = PBXBuildFile; fileRef = 760727841B2895F90014E5D9 /* MainMenu.xib */; };
		760727921B2895F90014E5D9 /* thinklistTests.swift in Sources */ = {isa = PBXBuildFile; fileRef = 760727911B2895F90014E5D9 /* thinklistTests.swift */; };
		7620ADD61B29E92200C1C21F /* MasterViewController.swift in Sources */ = {isa = PBXBuildFile; fileRef = 7620ADD41B29E92200C1C21F /* MasterViewController.swift */; };
		7620ADD71B29E92200C1C21F /* MasterViewController.xib in Resources */ = {isa = PBXBuildFile; fileRef = 7620ADD51B29E92200C1C21F /* MasterViewController.xib */; };
/* End PBXBuildFile section */

/* Begin PBXContainerItemProxy section */
		7607278C1B2895F90014E5D9 /* PBXContainerItemProxy */ = {
			isa = PBXContainerItemProxy;
			containerPortal = 760727731B2895F90014E5D9 /* Project object */;
			proxyType = 1;
			remoteGlobalIDString = 7607277A1B2895F90014E5D9;
			remoteInfo = thinklist;
		};
/* End PBXContainerItemProxy section */

/* Begin PBXFileReference section */
		7607277B1B2895F90014E5D9 /* thinklist.app */ = {isa = PBXFileReference; explicitFileType = wrapper.application; includeInIndex = 0; path = thinklist.app; sourceTree = BUILT_PRODUCTS_DIR; };
		7607277F1B2895F90014E5D9 /* Info.plist */ = {isa = PBXFileReference; lastKnownFileType = text.plist.xml; path = Info.plist; sourceTree = "<group>"; };
		760727801B2895F90014E5D9 /* AppDelegate.swift */ = {isa = PBXFileReference; lastKnownFileType = sourcecode.swift; path = AppDelegate.swift; sourceTree = "<group>"; };
		760727821B2895F90014E5D9 /* Images.xcassets */ = {isa = PBXFileReference; lastKnownFileType = folder.assetcatalog; path = Images.xcassets; sourceTree = "<group>"; };
		760727851B2895F90014E5D9 /* Base */ = {isa = PBXFileReference; lastKnownFileType = file.xib; name = Base; path = Base.lproj/MainMenu.xib; sourceTree = "<group>"; };
		7607278B1B2895F90014E5D9 /* thinklistTests.xctest */ = {isa = PBXFileReference; explicitFileType = wrapper.cfbundle; includeInIndex = 0; path = thinklistTests.xctest; sourceTree = BUILT_PRODUCTS_DIR; };
		760727901B2895F90014E5D9 /* Info.plist */ = {isa = PBXFileReference; lastKnownFileType = text.plist.xml; path = Info.plist; sourceTree = "<group>"; };
		760727911B2895F90014E5D9 /* thinklistTests.swift */ = {isa = PBXFileReference; lastKnownFileType = sourcecode.swift; path = thinklistTests.swift; sourceTree = "<group>"; };
		7620ADD41B29E92200C1C21F /* MasterViewController.swift */ = {isa = PBXFileReference; fileEncoding = 4; lastKnownFileType = sourcecode.swift; name = MasterViewController.swift; path = ../MasterViewController.swift; sourceTree = "<group>"; };
		7620ADD51B29E92200C1C21F /* MasterViewController.xib */ = {isa = PBXFileReference; fileEncoding = 4; lastKnownFileType = file.xib; name = MasterViewController.xib; path = ../MasterViewController.xib; sourceTree = "<group>"; };
/* End PBXFileReference section */

/* Begin PBXFrameworksBuildPhase section */
		760727781B2895F90014E5D9 /* Frameworks */ = {
			isa = PBXFrameworksBuildPhase;
			buildActionMask = 2147483647;
			files = (
			);
			runOnlyForDeploymentPostprocessing = 0;
		};
		760727881B2895F90014E5D9 /* Frameworks */ = {
			isa = PBXFrameworksBuildPhase;
			buildActionMask = 2147483647;
			files = (
			);
			runOnlyForDeploymentPostprocessing = 0;
		};
/* End PBXFrameworksBuildPhase section */

/* Begin PBXGroup section */
		760727721B2895F90014E5D9 = {
			isa = PBXGroup;
			children = (
				7607277D1B2895F90014E5D9 /* thinklist */,
				7607278E1B2895F90014E5D9 /* thinklistTests */,
				7607277C1B2895F90014E5D9 /* Products */,
			);
			sourceTree = "<group>";
		};
		7607277C1B2895F90014E5D9 /* Products */ = {
			isa = PBXGroup;
			children = (
				7607277B1B2895F90014E5D9 /* thinklist.app */,
				7607278B1B2895F90014E5D9 /* thinklistTests.xctest */,
			);
			name = Products;
			sourceTree = "<group>";
		};
		7607277D1B2895F90014E5D9 /* thinklist */ = {
			isa = PBXGroup;
			children = (
				7620ADD91B29EB3100C1C21F /* Model */,
				7620ADD81B29EB1800C1C21F /* GUI */,
				760727821B2895F90014E5D9 /* Images.xcassets */,
				7607277E1B2895F90014E5D9 /* Supporting Files */,
			);
			path = thinklist;
			sourceTree = "<group>";
		};
		7607277E1B2895F90014E5D9 /* Supporting Files */ = {
			isa = PBXGroup;
			children = (
				7607277F1B2895F90014E5D9 /* Info.plist */,
			);
			name = "Supporting Files";
			sourceTree = "<group>";
		};
		7607278E1B2895F90014E5D9 /* thinklistTests */ = {
			isa = PBXGroup;
			children = (
				760727911B2895F90014E5D9 /* thinklistTests.swift */,
				7607278F1B2895F90014E5D9 /* Supporting Files */,
			);
			path = thinklistTests;
			sourceTree = "<group>";
		};
		7607278F1B2895F90014E5D9 /* Supporting Files */ = {
			isa = PBXGroup;
			children = (
				760727901B2895F90014E5D9 /* Info.plist */,
			);
			name = "Supporting Files";
			sourceTree = "<group>";
		};
		7620ADD81B29EB1800C1C21F /* GUI */ = {
			isa = PBXGroup;
			children = (
				7620ADD41B29E92200C1C21F /* MasterViewController.swift */,
				7620ADD51B29E92200C1C21F /* MasterViewController.xib */,
				760727801B2895F90014E5D9 /* AppDelegate.swift */,
				760727841B2895F90014E5D9 /* MainMenu.xib */,
			);
			name = GUI;
			sourceTree = "<group>";
		};
		7620ADD91B29EB3100C1C21F /* Model */ = {
			isa = PBXGroup;
			children = (
			);
			name = Model;
			sourceTree = "<group>";
		};
/* End PBXGroup section */

/* Begin PBXNativeTarget section */
		7607277A1B2895F90014E5D9 /* thinklist */ = {
			isa = PBXNativeTarget;
			buildConfigurationList = 760727951B2895F90014E5D9 /* Build configuration list for PBXNativeTarget "thinklist" */;
			buildPhases = (
				760727771B2895F90014E5D9 /* Sources */,
				760727781B2895F90014E5D9 /* Frameworks */,
				760727791B2895F90014E5D9 /* Resources */,
			);
			buildRules = (
			);
			dependencies = (
			);
			name = thinklist;
			productName = thinklist;
			productReference = 7607277B1B2895F90014E5D9 /* thinklist.app */;
			productType = "com.apple.product-type.application";
		};
		7607278A1B2895F90014E5D9 /* thinklistTests */ = {
			isa = PBXNativeTarget;
			buildConfigurationList = 760727981B2895F90014E5D9 /* Build configuration list for PBXNativeTarget "thinklistTests" */;
			buildPhases = (
				760727871B2895F90014E5D9 /* Sources */,
				760727881B2895F90014E5D9 /* Frameworks */,
				760727891B2895F90014E5D9 /* Resources */,
			);
			buildRules = (
			);
			dependencies = (
				7607278D1B2895F90014E5D9 /* PBXTargetDependency */,
			);
			name = thinklistTests;
			productName = thinklistTests;
			productReference = 7607278B1B2895F90014E5D9 /* thinklistTests.xctest */;
			productType = "com.apple.product-type.bundle.unit-test";
		};
/* End PBXNativeTarget section */

/* Begin PBXProject section */
		760727731B2895F90014E5D9 /* Project object */ = {
			isa = PBXProject;
			attributes = {
				LastUpgradeCheck = 0630;
				ORGANIZATIONNAME = "Jason Mosley";
				TargetAttributes = {
					7607277A1B2895F90014E5D9 = {
						CreatedOnToolsVersion = 6.3.2;
					};
					7607278A1B2895F90014E5D9 = {
						CreatedOnToolsVersion = 6.3.2;
						TestTargetID = 7607277A1B2895F90014E5D9;
					};
				};
			};
			buildConfigurationList = 760727761B2895F90014E5D9 /* Build configuration list for PBXProject "thinklist" */;
			compatibilityVersion = "Xcode 3.2";
			developmentRegion = English;
			hasScannedForEncodings = 0;
			knownRegions = (
				en,
				Base,
			);
			mainGroup = 760727721B2895F90014E5D9;
			productRefGroup = 7607277C1B2895F90014E5D9 /* Products */;
			projectDirPath = "";
			projectRoot = "";
			targets = (
				7607277A1B2895F90014E5D9 /* thinklist */,
				7607278A1B2895F90014E5D9 /* thinklistTests */,
			);
		};
/* End PBXProject section */

/* Begin PBXResourcesBuildPhase section */
		760727791B2895F90014E5D9 /* Resources */ = {
			isa = PBXResourcesBuildPhase;
			buildActionMask = 2147483647;
			files = (
				760727831B2895F90014E5D9 /* Images.xcassets in Resources */,
				760727861B2895F90014E5D9 /* MainMenu.xib in Resources */,
				7620ADD71B29E92200C1C21F /* MasterViewController.xib in Resources */,
			);
			runOnlyForDeploymentPostprocessing = 0;
		};
		760727891B2895F90014E5D9 /* Resources */ = {
			isa = PBXResourcesBuildPhase;
			buildActionMask = 2147483647;
			files = (
			);
			runOnlyForDeploymentPostprocessing = 0;
		};
/* End PBXResourcesBuildPhase section */

/* Begin PBXSourcesBuildPhase section */
		760727771B2895F90014E5D9 /* Sources */ = {
			isa = PBXSourcesBuildPhase;
			buildActionMask = 2147483647;
			files = (
				7620ADD61B29E92200C1C21F /* MasterViewController.swift in Sources */,
				760727811B2895F90014E5D9 /* AppDelegate.swift in Sources */,
			);
			runOnlyForDeploymentPostprocessing = 0;
		};
		760727871B2895F90014E5D9 /* Sources */ = {
			isa = PBXSourcesBuildPhase;
			buildActionMask = 2147483647;
			files = (
				760727921B2895F90014E5D9 /* thinklistTests.swift in Sources */,
			);
			runOnlyForDeploymentPostprocessing = 0;
		};
/* End PBXSourcesBuildPhase section */

/* Begin PBXTargetDependency section */
		7607278D1B2895F90014E5D9 /* PBXTargetDependency */ = {
			isa = PBXTargetDependency;
			target = 7607277A1B2895F90014E5D9 /* thinklist */;
			targetProxy = 7607278C1B2895F90014E5D9 /* PBXContainerItemProxy */;
		};
/* End PBXTargetDependency section */

/* Begin PBXVariantGroup section */
		760727841B2895F90014E5D9 /* MainMenu.xib */ = {
			isa = PBXVariantGroup;
			children = (
				760727851B2895F90014E5D9 /* Base */,
			);
			name = MainMenu.xib;
			sourceTree = "<group>";
		};
/* End PBXVariantGroup section */

/* Begin XCBuildConfiguration section */
		760727931B2895F90014E5D9 /* Debug */ = {
			isa = XCBuildConfiguration;
			buildSettings = {
				ALWAYS_SEARCH_USER_PATHS = NO;
				CLANG_CXX_LANGUAGE_STANDARD = "gnu++0x";
				CLANG_CXX_LIBRARY = "libc++";
				CLANG_ENABLE_MODULES = YES;
				CLANG_ENABLE_OBJC_ARC = YES;
				CLANG_WARN_BOOL_CONVERSION = YES;
				CLANG_WARN_CONSTANT_CONVERSION = YES;
				CLANG_WARN_DIRECT_OBJC_ISA_USAGE = YES_ERROR;
				CLANG_WARN_EMPTY_BODY = YES;
				CLANG_WARN_ENUM_CONVERSION = YES;
				CLANG_WARN_INT_CONVERSION = YES;
				CLANG_WARN_OBJC_ROOT_CLASS = YES_ERROR;
				CLANG_WARN_UNREACHABLE_CODE = YES;
				CLANG_WARN__DUPLICATE_METHOD_MATCH = YES;
				CODE_SIGN_IDENTITY = "-";
				COPY_PHASE_STRIP = NO;
				DEBUG_INFORMATION_FORMAT = dwarf;
				ENABLE_STRICT_OBJC_MSGSEND = YES;
				GCC_C_LANGUAGE_STANDARD = gnu99;
				GCC_DYNAMIC_NO_PIC = NO;
				GCC_NO_COMMON_BLOCKS = YES;
				GCC_OPTIMIZATION_LEVEL = 0;
				GCC_PREPROCESSOR_DEFINITIONS = (
					"DEBUG=1",
					"$(inherited)",
				);
				GCC_SYMBOLS_PRIVATE_EXTERN = NO;
				GCC_WARN_64_TO_32_BIT_CONVERSION = YES;
				GCC_WARN_ABOUT_RETURN_TYPE = YES_ERROR;
				GCC_WARN_UNDECLARED_SELECTOR = YES;
				GCC_WARN_UNINITIALIZED_AUTOS = YES_AGGRESSIVE;
				GCC_WARN_UNUSED_FUNCTION = YES;
				GCC_WARN_UNUSED_VARIABLE = YES;
				MACOSX_DEPLOYMENT_TARGET = 10.10;
				MTL_ENABLE_DEBUG_INFO = YES;
				ONLY_ACTIVE_ARCH = YES;
				SDKROOT = macosx;
				SWIFT_OPTIMIZATION_LEVEL = "-Onone";
			};
			name = Debug;
		};
		760727941B2895F90014E5D9 /* Release */ = {
			isa = XCBuildConfiguration;
			buildSettings = {
				ALWAYS_SEARCH_USER_PATHS = NO;
				CLANG_CXX_LANGUAGE_STANDARD = "gnu++0x";
				CLANG_CXX_LIBRARY = "libc++";
				CLANG_ENABLE_MODULES = YES;
				CLANG_ENABLE_OBJC_ARC = YES;
				CLANG_WARN_BOOL_CONVERSION = YES;
				CLANG_WARN_CONSTANT_CONVERSION = YES;
				CLANG_WARN_DIRECT_OBJC_ISA_USAGE = YES_ERROR;
				CLANG_WARN_EMPTY_BODY = YES;
				CLANG_WARN_ENUM_CONVERSION = YES;
				CLANG_WARN_INT_CONVERSION = YES;
				CLANG_WARN_OBJC_ROOT_CLASS = YES_ERROR;
				CLANG_WARN_UNREACHABLE_CODE = YES;
				CLANG_WARN__DUPLICATE_METHOD_MATCH = YES;
				CODE_SIGN_IDENTITY = "-";
				COPY_PHASE_STRIP = NO;
				DEBUG_INFORMATION_FORMAT = "dwarf-with-dsym";
				ENABLE_NS_ASSERTIONS = NO;
				ENABLE_STRICT_OBJC_MSGSEND = YES;
				GCC_C_LANGUAGE_STANDARD = gnu99;
				GCC_NO_COMMON_BLOCKS = YES;
				GCC_WARN_64_TO_32_BIT_CONVERSION = YES;
				GCC_WARN_ABOUT_RETURN_TYPE = YES_ERROR;
				GCC_WARN_UNDECLARED_SELECTOR = YES;
				GCC_WARN_UNINITIALIZED_AUTOS = YES_AGGRESSIVE;
				GCC_WARN_UNUSED_FUNCTION = YES;
				GCC_WARN_UNUSED_VARIABLE = YES;
				MACOSX_DEPLOYMENT_TARGET = 10.10;
				MTL_ENABLE_DEBUG_INFO = NO;
				SDKROOT = macosx;
			};
			name = Release;
		};
		760727961B2895F90014E5D9 /* Debug */ = {
			isa = XCBuildConfiguration;
			buildSettings = {
				ASSETCATALOG_COMPILER_APPICON_NAME = AppIcon;
				COMBINE_HIDPI_IMAGES = YES;
				INFOPLIST_FILE = thinklist/Info.plist;
				LD_RUNPATH_SEARCH_PATHS = "$(inherited) @executable_path/../Frameworks";
				PRODUCT_NAME = "$(TARGET_NAME)";
			};
			name = Debug;
		};
		760727971B2895F90014E5D9 /* Release */ = {
			isa = XCBuildConfiguration;
			buildSettings = {
				ASSETCATALOG_COMPILER_APPICON_NAME = AppIcon;
				COMBINE_HIDPI_IMAGES = YES;
				INFOPLIST_FILE = thinklist/Info.plist;
				LD_RUNPATH_SEARCH_PATHS = "$(inherited) @executable_path/../Frameworks";
				PRODUCT_NAME = "$(TARGET_NAME)";
			};
			name = Release;
		};
		760727991B2895F90014E5D9 /* Debug */ = {
			isa = XCBuildConfiguration;
			buildSettings = {
				BUNDLE_LOADER = "$(TEST_HOST)";
				COMBINE_HIDPI_IMAGES = YES;
				FRAMEWORK_SEARCH_PATHS = (
					"$(DEVELOPER_FRAMEWORKS_DIR)",
					"$(inherited)",
				);
				GCC_PREPROCESSOR_DEFINITIONS = (
					"DEBUG=1",
					"$(inherited)",
				);
				INFOPLIST_FILE = thinklistTests/Info.plist;
				LD_RUNPATH_SEARCH_PATHS = "$(inherited) @executable_path/../Frameworks @loader_path/../Frameworks";
				PRODUCT_NAME = "$(TARGET_NAME)";
				TEST_HOST = "$(BUILT_PRODUCTS_DIR)/thinklist.app/Contents/MacOS/thinklist";
			};
			name = Debug;
		};
		7607279A1B2895F90014E5D9 /* Release */ = {
			isa = XCBuildConfiguration;
			buildSettings = {
				BUNDLE_LOADER = "$(TEST_HOST)";
				COMBINE_HIDPI_IMAGES = YES;
				FRAMEWORK_SEARCH_PATHS = (
					"$(DEVELOPER_FRAMEWORKS_DIR)",
					"$(inherited)",
				);
				INFOPLIST_FILE = thinklistTests/Info.plist;
				LD_RUNPATH_SEARCH_PATHS = "$(inherited) @executable_path/../Frameworks @loader_path/../Frameworks";
				PRODUCT_NAME = "$(TARGET_NAME)";
				TEST_HOST = "$(BUILT_PRODUCTS_DIR)/thinklist.app/Contents/MacOS/thinklist";
			};
			name = Release;
		};
/* End XCBuildConfiguration section */

/* Begin XCConfigurationList section */
		760727761B2895F90014E5D9 /* Build configuration list for PBXProject "thinklist" */ = {
			isa = XCConfigurationList;
			buildConfigurations = (
				760727931B2895F90014E5D9 /* Debug */,
				760727941B2895F90014E5D9 /* Release */,
			);
			defaultConfigurationIsVisible = 0;
			defaultConfigurationName = Release;
		};
		760727951B2895F90014E5D9 /* Build configuration list for PBXNativeTarget "thinklist" */ = {
			isa = XCConfigurationList;
			buildConfigurations = (
				760727961B2895F90014E5D9 /* Debug */,
				760727971B2895F90014E5D9 /* Release */,
			);
			defaultConfigurationIsVisible = 0;
			defaultConfigurationName = Release;
		};
		760727981B2895F90014E5D9 /* Build configuration list for PBXNativeTarget "thinklistTests" */ = {
			isa = XCConfigurationList;
			buildConfigurations = (
				760727991B2895F90014E5D9 /* Debug */,
				7607279A1B2895F90014E5D9 /* Release */,
			);
			defaultConfigurationIsVisible = 0;
			defaultConfigurationName = Release;
		};
/* End XCConfigurationList section */
	};
	rootObject = 760727731B2895F90014E5D9 /* Project object */;
}
